{
  "name": "Interview Generator",
  "lockfileVersion": 3,
  "requires": true,
  "packages": {
    "": {
      "dependencies": {
        "random": "^5.3.0"
      }
    },
    "node_modules/random": {
      "version": "5.3.0",
      "resolved": "https://registry.npmjs.org/random/-/random-5.3.0.tgz",
      "integrity": "sha512-Gm/L+xTpi1V+//XbnTnvRRlSsbHxJv+AeC1RzqaFLbWwXL8m+bvf6iM0+M+yQoAH8dmcWcZHmP/VZtOu5Zk2DQ==",
      "license": "MIT",
      "engines": {
        "node": ">=18"
      }
    }
  }
}
